{
  "name": "mobile-coin-purse-beta",
  "version": "v0.2.5",
  "lockfileVersion": 2,
  "requires": true,
  "packages": {
    "": {
      "name": "mobile-coin-purse-beta",
      "version": "v0.2.5",
      "hasInstallScript": true,
      "devDependencies": {
        "@types/i18next-node-fs-backend": "^2.1.0"
      }
    },
    "node_modules/@babel/runtime": {
      "version": "7.13.9",
      "resolved": "https://registry.npmjs.org/@babel/runtime/-/runtime-7.13.9.tgz",
      "integrity": "sha512-aY2kU+xgJ3dJ1eU6FMB9EH8dIe8dmusF1xEku52joLvw6eAFN0AI+WxCLDnpev2LEejWBAy2sBvBOBAjI3zmvA==",
      "dev": true,
      "dependencies": {
        "regenerator-runtime": "^0.13.4"
      }
    },
    "node_modules/@types/i18next-node-fs-backend": {
      "version": "2.1.0",
      "resolved": "https://registry.npmjs.org/@types/i18next-node-fs-backend/-/i18next-node-fs-backend-2.1.0.tgz",
      "integrity": "sha512-bOOeT89UO/bYLJoQHdN5S3pggj7mMmFfQMBpDdUQOQIQkENGpnTwhNsIM/kjl1NE2HEihjlRZUNVV60Ze86UZA==",
      "dev": true,
      "dependencies": {
        "i18next": ">=17.0.11"
      }
    },
    "node_modules/i18next": {
      "version": "19.9.1",
      "resolved": "https://registry.npmjs.org/i18next/-/i18next-19.9.1.tgz",
      "integrity": "sha512-9Azzyb3DvMJUMd7sPhwVEs6PQcogvdHmLQTjMQ+P+h3XwW4O66/8lgZTmYShgkjPOCqTw4Fwl5LOp/VhZgPo5A==",
      "dev": true,
      "dependencies": {
        "@babel/runtime": "^7.12.0"
      }
    },
    "node_modules/regenerator-runtime": {
      "version": "0.13.7",
      "resolved": "https://registry.npmjs.org/regenerator-runtime/-/regenerator-runtime-0.13.7.tgz",
      "integrity": "sha512-a54FxoJDIr27pgf7IgeQGxmqUNYrcV338lf/6gH456HZ/PhX+5BcwHXG9ajESmwe6WRO0tAzRUrRmNONWgkrew==",
      "dev": true
    }
  },
  "dependencies": {
    "@babel/runtime": {
      "version": "7.13.9",
      "resolved": "https://registry.npmjs.org/@babel/runtime/-/runtime-7.13.9.tgz",
      "integrity": "sha512-aY2kU+xgJ3dJ1eU6FMB9EH8dIe8dmusF1xEku52joLvw6eAFN0AI+WxCLDnpev2LEejWBAy2sBvBOBAjI3zmvA==",
      "dev": true,
      "requires": {
        "regenerator-runtime": "^0.13.4"
      }
    },
    "@types/i18next-node-fs-backend": {
      "version": "2.1.0",
      "resolved": "https://registry.npmjs.org/@types/i18next-node-fs-backend/-/i18next-node-fs-backend-2.1.0.tgz",
      "integrity": "sha512-bOOeT89UO/bYLJoQHdN5S3pggj7mMmFfQMBpDdUQOQIQkENGpnTwhNsIM/kjl1NE2HEihjlRZUNVV60Ze86UZA==",
      "dev": true,
      "requires": {
        "i18next": ">=17.0.11"
      }
    },
    "i18next": {
      "version": "19.9.1",
      "resolved": "https://registry.npmjs.org/i18next/-/i18next-19.9.1.tgz",
      "integrity": "sha512-9Azzyb3DvMJUMd7sPhwVEs6PQcogvdHmLQTjMQ+P+h3XwW4O66/8lgZTmYShgkjPOCqTw4Fwl5LOp/VhZgPo5A==",
      "dev": true,
      "requires": {
        "@babel/runtime": "^7.12.0"
      }
    },
    "regenerator-runtime": {
      "version": "0.13.7",
      "resolved": "https://registry.npmjs.org/regenerator-runtime/-/regenerator-runtime-0.13.7.tgz",
      "integrity": "sha512-a54FxoJDIr27pgf7IgeQGxmqUNYrcV338lf/6gH456HZ/PhX+5BcwHXG9ajESmwe6WRO0tAzRUrRmNONWgkrew==",
      "dev": true
    }
  }
}
