# THIS IS AN AUTOGENERATED FILE. DO NOT EDIT THIS FILE DIRECTLY.
# yarn lockfile v1


"@babel/runtime@^7.12.0":
  version "7.13.10"
  resolved "https://registry.yarnpkg.com/@babel/runtime/-/runtime-7.13.10.tgz#47d42a57b6095f4468da440388fdbad8bebf0d7d"
  integrity sha512-4QPkjJq6Ns3V/RgpEahRk+AGfL0eO6RHHtTWoNNr5mO49G6B5+X6d6THgWEAvTrznU5xYpbAlVKRYcsCgh/Akw==
  dependencies:
    regenerator-runtime "^0.13.4"

"@types/i18next-node-fs-backend@^2.1.0":
  version "2.1.0"
  resolved "https://registry.yarnpkg.com/@types/i18next-node-fs-backend/-/i18next-node-fs-backend-2.1.0.tgz#83616bc8589f155438f150b83ec59b92e5347668"
  integrity sha512-bOOeT89UO/bYLJoQHdN5S3pggj7mMmFfQMBpDdUQOQIQkENGpnTwhNsIM/kjl1NE2HEihjlRZUNVV60Ze86UZA==
  dependencies:
    i18next ">=17.0.11"

i18next@>=17.0.11:
  version "19.9.2"
  resolved "https://registry.yarnpkg.com/i18next/-/i18next-19.9.2.tgz#ea5a124416e3c5ab85fddca2c8e3c3669a8da397"
  integrity sha512-0i6cuo6ER6usEOtKajUUDj92zlG+KArFia0857xxiEHAQcUwh/RtOQocui1LPJwunSYT574Pk64aNva1kwtxZg==
  dependencies:
    "@babel/runtime" "^7.12.0"

regenerator-runtime@^0.13.4:
  version "0.13.7"
  resolved "https://registry.yarnpkg.com/regenerator-runtime/-/regenerator-runtime-0.13.7.tgz#cac2dacc8a1ea675feaabaeb8ae833898ae46f55"
  integrity sha512-a54FxoJDIr27pgf7IgeQGxmqUNYrcV338lf/6gH456HZ/PhX+5BcwHXG9ajESmwe6WRO0tAzRUrRmNONWgkrew==
